{
  "object": {
    "pins": [
      {
        "package": "WorkingExamples",
        "repositoryURL": "https://github.com/swift-you-and-i/working-examples",
        "state": {
          "branch": "master",
          "revision": "79f0e92f28a7c752d9f177aacaae63e1e7e2b4f2",
          "version": null
        }
      }
    ]
  },
  "version": 1
}
