// !$*UTF8*$!
{
	archiveVersion = 1;
	classes = {
	};
	objectVersion = 54;
	objects = {

/* Begin PBXBuildFile section */
		620047AE253F50AA0081B773 /* ExampleList.swift in Sources */ = {isa = PBXBuildFile; fileRef = 62C9C6D6253E02FA00E2AA88 /* ExampleList.swift */; };
		620047BE25402DB10081B773 /* AppData.swift in Sources */ = {isa = PBXBuildFile; fileRef = 620047BD25402DB10081B773 /* AppData.swift */; };
		620047C325402DDE0081B773 /* ExampleModel.swift in Sources */ = {isa = PBXBuildFile; fileRef = 620047C225402DDE0081B773 /* ExampleModel.swift */; };
		6221B6B52541ECED00AC70B2 /* ExampleModel+SwiftUI.swift in Sources */ = {isa = PBXBuildFile; fileRef = 6221B6B02541EC6E00AC70B2 /* ExampleModel+SwiftUI.swift */; };
		6221B6BA2541ECEE00AC70B2 /* ExampleModel+SwiftUI.swift in Sources */ = {isa = PBXBuildFile; fileRef = 6221B6B02541EC6E00AC70B2 /* ExampleModel+SwiftUI.swift */; };
		6221B6BB2541ECEE00AC70B2 /* ExampleModel+SwiftUI.swift in Sources */ = {isa = PBXBuildFile; fileRef = 6221B6B02541EC6E00AC70B2 /* ExampleModel+SwiftUI.swift */; };
		6221B6D22541F18D00AC70B2 /* ExampleDetail.swift in Sources */ = {isa = PBXBuildFile; fileRef = 6221B6CD2541F0E000AC70B2 /* ExampleDetail.swift */; };
		6221B6D72541F19100AC70B2 /* ExampleDetail.swift in Sources */ = {isa = PBXBuildFile; fileRef = 6221B6CD2541F0E000AC70B2 /* ExampleDetail.swift */; };
		6221B6DC2541FED200AC70B2 /* AppData.swift in Sources */ = {isa = PBXBuildFile; fileRef = 620047BD25402DB10081B773 /* AppData.swift */; };
		6221B70A254840CA00AC70B2 /* AppHome.swift in Sources */ = {isa = PBXBuildFile; fileRef = 6221B709254840CA00AC70B2 /* AppHome.swift */; };
		6221B7142549E04000AC70B2 /* PostsHome.swift in Sources */ = {isa = PBXBuildFile; fileRef = 6221B7132549E04000AC70B2 /* PostsHome.swift */; };
		6221B71E2549E14600AC70B2 /* ExampleModel+Array.swift in Sources */ = {isa = PBXBuildFile; fileRef = 6221B71D2549E11F00AC70B2 /* ExampleModel+Array.swift */; };
		6221B7232549E14700AC70B2 /* ExampleModel+Array.swift in Sources */ = {isa = PBXBuildFile; fileRef = 6221B71D2549E11F00AC70B2 /* ExampleModel+Array.swift */; };
		6221B7242549E14800AC70B2 /* ExampleModel+Array.swift in Sources */ = {isa = PBXBuildFile; fileRef = 6221B71D2549E11F00AC70B2 /* ExampleModel+Array.swift */; };
		6221B7252549E14A00AC70B2 /* ExampleModel+Array.swift in Sources */ = {isa = PBXBuildFile; fileRef = 6221B71D2549E11F00AC70B2 /* ExampleModel+Array.swift */; };
		6221B72A2549E63400AC70B2 /* AppData.swift in Sources */ = {isa = PBXBuildFile; fileRef = 620047BD25402DB10081B773 /* AppData.swift */; };
		6221B72F2549E63B00AC70B2 /* ExampleModel.swift in Sources */ = {isa = PBXBuildFile; fileRef = 620047C225402DDE0081B773 /* ExampleModel.swift */; };
		6221B7382549E65C00AC70B2 /* ExampleDetail.swift in Sources */ = {isa = PBXBuildFile; fileRef = 6221B6CD2541F0E000AC70B2 /* ExampleDetail.swift */; };
		622538122539F6FB00EFD988 /* WorkingExamplesApp.swift in Sources */ = {isa = PBXBuildFile; fileRef = 622538112539F6FB00EFD988 /* WorkingExamplesApp.swift */; };
		622538162539F6FC00EFD988 /* Assets.xcassets in Resources */ = {isa = PBXBuildFile; fileRef = 622538152539F6FC00EFD988 /* Assets.xcassets */; };
		622538192539F6FC00EFD988 /* PreviewAssets.xcassets in Resources */ = {isa = PBXBuildFile; fileRef = 622538182539F6FC00EFD988 /* PreviewAssets.xcassets */; };
		623F7DC6254B182200E20E47 /* ImageModel.swift in Sources */ = {isa = PBXBuildFile; fileRef = 623F7DC5254B16FF00E20E47 /* ImageModel.swift */; };
		623F7DCB254B182300E20E47 /* ImageModel.swift in Sources */ = {isa = PBXBuildFile; fileRef = 623F7DC5254B16FF00E20E47 /* ImageModel.swift */; };
		623F7DCC254B182400E20E47 /* ImageModel.swift in Sources */ = {isa = PBXBuildFile; fileRef = 623F7DC5254B16FF00E20E47 /* ImageModel.swift */; };
		623F7DCD254B182500E20E47 /* ImageModel.swift in Sources */ = {isa = PBXBuildFile; fileRef = 623F7DC5254B16FF00E20E47 /* ImageModel.swift */; };
		62819CA72540BF09009AD44D /* WidgetKit.framework in Frameworks */ = {isa = PBXBuildFile; fileRef = 62819CA62540BF09009AD44D /* WidgetKit.framework */; };
		62819CA92540BF09009AD44D /* SwiftUI.framework in Frameworks */ = {isa = PBXBuildFile; fileRef = 62819CA82540BF09009AD44D /* SwiftUI.framework */; };
		62819CAC2540BF09009AD44D /* WorkingExampleWidget.swift in Sources */ = {isa = PBXBuildFile; fileRef = 62819CAB2540BF09009AD44D /* WorkingExampleWidget.swift */; };
		62819CAF2540BF0A009AD44D /* Assets.xcassets in Resources */ = {isa = PBXBuildFile; fileRef = 62819CAE2540BF0A009AD44D /* Assets.xcassets */; };
		62819CB52540BF0A009AD44D /* workingexamplewidget.appex in Embed App Extensions */ = {isa = PBXBuildFile; fileRef = 62819CA52540BF09009AD44D /* workingexamplewidget.appex */; settings = {ATTRIBUTES = (RemoveHeadersOnCopy, ); }; };
		62819CDD25417D17009AD44D /* ExampleModel.swift in Sources */ = {isa = PBXBuildFile; fileRef = 620047C225402DDE0081B773 /* ExampleModel.swift */; };
		62819CE225417D28009AD44D /* ExampleModel.swift in Sources */ = {isa = PBXBuildFile; fileRef = 620047C225402DDE0081B773 /* ExampleModel.swift */; };
		628D2BF92539FBFE007AF75E /* Assets.xcassets in Resources */ = {isa = PBXBuildFile; fileRef = 628D2BF82539FBFE007AF75E /* Assets.xcassets */; };
		628D2BFC2539FBFE007AF75E /* PreviewAssets.xcassets in Resources */ = {isa = PBXBuildFile; fileRef = 628D2BFB2539FBFE007AF75E /* PreviewAssets.xcassets */; };
		628D2C37253A057A007AF75E /* Settings.bundle in Resources */ = {isa = PBXBuildFile; fileRef = 628D2C36253A057A007AF75E /* Settings.bundle */; };
		629431BD253A096A00FA1CFD /* WorkingExamples in Frameworks */ = {isa = PBXBuildFile; productRef = 629431BC253A096A00FA1CFD /* WorkingExamples */; };
		62C9C6A1253DACC000E2AA88 /* WorkingExampleClipApp.swift in Sources */ = {isa = PBXBuildFile; fileRef = 62C9C6A0253DACC000E2AA88 /* WorkingExampleClipApp.swift */; };
		62C9C6A5253DACC100E2AA88 /* Assets.xcassets in Resources */ = {isa = PBXBuildFile; fileRef = 62C9C6A4253DACC100E2AA88 /* Assets.xcassets */; };
		62C9C6A8253DACC100E2AA88 /* PreviewAssets.xcassets in Resources */ = {isa = PBXBuildFile; fileRef = 62C9C6A7253DACC100E2AA88 /* PreviewAssets.xcassets */; };
		62C9C6AD253DACC100E2AA88 /* workingexampleclip.app in Embed App Clips */ = {isa = PBXBuildFile; fileRef = 62C9C69E253DACC000E2AA88 /* workingexampleclip.app */; settings = {ATTRIBUTES = (RemoveHeadersOnCopy, ); }; };
		62C9C6D9253E02FA00E2AA88 /* ExampleList.swift in Sources */ = {isa = PBXBuildFile; fileRef = 62C9C6D6253E02FA00E2AA88 /* ExampleList.swift */; };
		62E378AC254C3D1100685207 /* ExampleModel+Combine.swift in Sources */ = {isa = PBXBuildFile; fileRef = 62E378A7254C3BC000685207 /* ExampleModel+Combine.swift */; };
		62E378B1254C3D1200685207 /* ExampleModel+Combine.swift in Sources */ = {isa = PBXBuildFile; fileRef = 62E378A7254C3BC000685207 /* ExampleModel+Combine.swift */; };
		62E378B2254C3D1300685207 /* ExampleModel+Combine.swift in Sources */ = {isa = PBXBuildFile; fileRef = 62E378A7254C3BC000685207 /* ExampleModel+Combine.swift */; };
		62E378C125599C6600685207 /* PostModel.swift in Sources */ = {isa = PBXBuildFile; fileRef = 62E378C025599C5000685207 /* PostModel.swift */; };
		62E378C625599C6700685207 /* PostModel.swift in Sources */ = {isa = PBXBuildFile; fileRef = 62E378C025599C5000685207 /* PostModel.swift */; };
		62E378D12559A08400685207 /* PostModel+Params.swift in Sources */ = {isa = PBXBuildFile; fileRef = 62E378CB25599E5F00685207 /* PostModel+Params.swift */; };
		62E378D62559A08500685207 /* PostModel+Params.swift in Sources */ = {isa = PBXBuildFile; fileRef = 62E378CB25599E5F00685207 /* PostModel+Params.swift */; };
		62E378DB2559A08900685207 /* PostModel+Combine.swift in Sources */ = {isa = PBXBuildFile; fileRef = 62E378CC25599E6C00685207 /* PostModel+Combine.swift */; };
		62E378E02559A08A00685207 /* PostModel+Combine.swift in Sources */ = {isa = PBXBuildFile; fileRef = 62E378CC25599E6C00685207 /* PostModel+Combine.swift */; };
		62E378E52559A13C00685207 /* PostModel+Params.swift in Sources */ = {isa = PBXBuildFile; fileRef = 62E378CB25599E5F00685207 /* PostModel+Params.swift */; };
		62E378E62559A13C00685207 /* PostModel+Combine.swift in Sources */ = {isa = PBXBuildFile; fileRef = 62E378CC25599E6C00685207 /* PostModel+Combine.swift */; };
		62E378E72559A13C00685207 /* PostModel.swift in Sources */ = {isa = PBXBuildFile; fileRef = 62E378C025599C5000685207 /* PostModel.swift */; };
		62E378F12559A86000685207 /* PostList.swift in Sources */ = {isa = PBXBuildFile; fileRef = 62E378F02559A85C00685207 /* PostList.swift */; };
		62E378F62559A86100685207 /* PostList.swift in Sources */ = {isa = PBXBuildFile; fileRef = 62E378F02559A85C00685207 /* PostList.swift */; };
		62E379042559AA5E00685207 /* PostDetail.swift in Sources */ = {isa = PBXBuildFile; fileRef = 62E378FF2559A91100685207 /* PostDetail.swift */; };
		62E379092559AA6000685207 /* PostDetail.swift in Sources */ = {isa = PBXBuildFile; fileRef = 62E378FF2559A91100685207 /* PostDetail.swift */; };
		62E3790F2559ABA000685207 /* ExamplesHome.swift in Sources */ = {isa = PBXBuildFile; fileRef = 62E3790E2559ABA000685207 /* ExamplesHome.swift */; };
		9D23D40325ADFD91000534AD /* SettingsView.swift in Sources */ = {isa = PBXBuildFile; fileRef = 9D23D40225ADFD91000534AD /* SettingsView.swift */; };
		9D8BF0102580D01E00B01A77 /* Formatter.swift in Sources */ = {isa = PBXBuildFile; fileRef = 9D8BF00B2580CFBF00B01A77 /* Formatter.swift */; };
		9D8BF0152580D01F00B01A77 /* Formatter.swift in Sources */ = {isa = PBXBuildFile; fileRef = 9D8BF00B2580CFBF00B01A77 /* Formatter.swift */; };
		9D8BF01F2580D5AA00B01A77 /* Localizable.strings in Resources */ = {isa = PBXBuildFile; fileRef = 9D8BF01E2580D5AA00B01A77 /* Localizable.strings */; };
		9D8BF0202580D5AA00B01A77 /* Localizable.strings in Resources */ = {isa = PBXBuildFile; fileRef = 9D8BF01E2580D5AA00B01A77 /* Localizable.strings */; };
		9D9FD088258951C600142A71 /* WorkingExamples in Frameworks */ = {isa = PBXBuildFile; productRef = 9D9FD087258951C600142A71 /* WorkingExamples */; };
		9D9FD08A258951E600142A71 /* WorkingExamples in Frameworks */ = {isa = PBXBuildFile; productRef = 9D9FD089258951E600142A71 /* WorkingExamples */; };
		9DE6D5A8259A394F009B06F8 /* workingexamplewidget.intentdefinition in Sources */ = {isa = PBXBuildFile; fileRef = 9DE6D5AB259A394F009B06F8 /* workingexamplewidget.intentdefinition */; };
		9DE6D5A9259A394F009B06F8 /* workingexamplewidget.intentdefinition in Sources */ = {isa = PBXBuildFile; fileRef = 9DE6D5AB259A394F009B06F8 /* workingexamplewidget.intentdefinition */; };
		D70BD3622562D2AC00A2CD98 /* PostsHome.swift in Sources */ = {isa = PBXBuildFile; fileRef = 6221B7132549E04000AC70B2 /* PostsHome.swift */; };
		D70BD3632562D2AC00A2CD98 /* AppHome.swift in Sources */ = {isa = PBXBuildFile; fileRef = 6221B709254840CA00AC70B2 /* AppHome.swift */; };
		D70BD3642562D2AC00A2CD98 /* ExamplesHome.swift in Sources */ = {isa = PBXBuildFile; fileRef = 62E3790E2559ABA000685207 /* ExamplesHome.swift */; };
		D70BD3772562D32400A2CD98 /* WorkingExamplesApp.swift in Sources */ = {isa = PBXBuildFile; fileRef = 622538112539F6FB00EFD988 /* WorkingExamplesApp.swift */; };
/* End PBXBuildFile section */

/* Begin PBXContainerItemProxy section */
		62819CB32540BF0A009AD44D /* PBXContainerItemProxy */ = {
			isa = PBXContainerItemProxy;
			containerPortal = 622538062539F6FB00EFD988 /* Project object */;
			proxyType = 1;
			remoteGlobalIDString = 62819CA42540BF09009AD44D;
			remoteInfo = workingexamplewidgetExtension;
		};
		62C9C6AB253DACC100E2AA88 /* PBXContainerItemProxy */ = {
			isa = PBXContainerItemProxy;
			containerPortal = 622538062539F6FB00EFD988 /* Project object */;
			proxyType = 1;
			remoteGlobalIDString = 62C9C69D253DACC000E2AA88;
			remoteInfo = WorkingExampleClip;
		};
/* End PBXContainerItemProxy section */

/* Begin PBXCopyFilesBuildPhase section */
		62819CB62540BF0A009AD44D /* Embed App Extensions */ = {
			isa = PBXCopyFilesBuildPhase;
			buildActionMask = 2147483647;
			dstPath = "";
			dstSubfolderSpec = 13;
			files = (
				62819CB52540BF0A009AD44D /* workingexamplewidget.appex in Embed App Extensions */,
			);
			name = "Embed App Extensions";
			runOnlyForDeploymentPostprocessing = 0;
		};
		62C9C6AE253DACC100E2AA88 /* Embed App Clips */ = {
			isa = PBXCopyFilesBuildPhase;
			buildActionMask = 2147483647;
			dstPath = "$(CONTENTS_FOLDER_PATH)/AppClips";
			dstSubfolderSpec = 16;
			files = (
				62C9C6AD253DACC100E2AA88 /* workingexampleclip.app in Embed App Clips */,
			);
			name = "Embed App Clips";
			runOnlyForDeploymentPostprocessing = 0;
		};
/* End PBXCopyFilesBuildPhase section */

/* Begin PBXFileReference section */
		620047BD25402DB10081B773 /* AppData.swift */ = {isa = PBXFileReference; lastKnownFileType = sourcecode.swift; path = AppData.swift; sourceTree = "<group>"; };
		620047C225402DDE0081B773 /* ExampleModel.swift */ = {isa = PBXFileReference; lastKnownFileType = sourcecode.swift; path = ExampleModel.swift; sourceTree = "<group>"; };
		6221B6B02541EC6E00AC70B2 /* ExampleModel+SwiftUI.swift */ = {isa = PBXFileReference; lastKnownFileType = sourcecode.swift; path = "ExampleModel+SwiftUI.swift"; sourceTree = "<group>"; };
		6221B6CD2541F0E000AC70B2 /* ExampleDetail.swift */ = {isa = PBXFileReference; lastKnownFileType = sourcecode.swift; path = ExampleDetail.swift; sourceTree = "<group>"; };
		6221B6F2254342C300AC70B2 /* workingexamplewidget.entitlements */ = {isa = PBXFileReference; lastKnownFileType = text.plist.entitlements; path = workingexamplewidget.entitlements; sourceTree = "<group>"; };
		6221B709254840CA00AC70B2 /* AppHome.swift */ = {isa = PBXFileReference; lastKnownFileType = sourcecode.swift; path = AppHome.swift; sourceTree = "<group>"; };
		6221B7132549E04000AC70B2 /* PostsHome.swift */ = {isa = PBXFileReference; lastKnownFileType = sourcecode.swift; path = PostsHome.swift; sourceTree = "<group>"; };
		6221B71D2549E11F00AC70B2 /* ExampleModel+Array.swift */ = {isa = PBXFileReference; lastKnownFileType = sourcecode.swift; path = "ExampleModel+Array.swift"; sourceTree = "<group>"; };
		6225380E2539F6FB00EFD988 /* WorkingExamplesSwiftUI.app */ = {isa = PBXFileReference; explicitFileType = wrapper.application; includeInIndex = 0; path = WorkingExamplesSwiftUI.app; sourceTree = BUILT_PRODUCTS_DIR; };
		622538112539F6FB00EFD988 /* WorkingExamplesApp.swift */ = {isa = PBXFileReference; lastKnownFileType = sourcecode.swift; path = WorkingExamplesApp.swift; sourceTree = "<group>"; };
		622538152539F6FC00EFD988 /* Assets.xcassets */ = {isa = PBXFileReference; lastKnownFileType = folder.assetcatalog; path = Assets.xcassets; sourceTree = "<group>"; };
		622538182539F6FC00EFD988 /* PreviewAssets.xcassets */ = {isa = PBXFileReference; lastKnownFileType = folder.assetcatalog; path = PreviewAssets.xcassets; sourceTree = "<group>"; };
		6225381A2539F6FC00EFD988 /* iphone-Info.plist */ = {isa = PBXFileReference; lastKnownFileType = text.plist.xml; path = "iphone-Info.plist"; sourceTree = "<group>"; };
		623F7DC5254B16FF00E20E47 /* ImageModel.swift */ = {isa = PBXFileReference; lastKnownFileType = sourcecode.swift; path = ImageModel.swift; sourceTree = "<group>"; };
		62819CA52540BF09009AD44D /* workingexamplewidget.appex */ = {isa = PBXFileReference; explicitFileType = "wrapper.app-extension"; includeInIndex = 0; path = workingexamplewidget.appex; sourceTree = BUILT_PRODUCTS_DIR; };
		62819CA62540BF09009AD44D /* WidgetKit.framework */ = {isa = PBXFileReference; lastKnownFileType = wrapper.framework; name = WidgetKit.framework; path = System/Library/Frameworks/WidgetKit.framework; sourceTree = SDKROOT; };
		62819CA82540BF09009AD44D /* SwiftUI.framework */ = {isa = PBXFileReference; lastKnownFileType = wrapper.framework; name = SwiftUI.framework; path = System/Library/Frameworks/SwiftUI.framework; sourceTree = SDKROOT; };
		62819CAB2540BF09009AD44D /* WorkingExampleWidget.swift */ = {isa = PBXFileReference; lastKnownFileType = sourcecode.swift; path = WorkingExampleWidget.swift; sourceTree = "<group>"; };
		62819CAE2540BF0A009AD44D /* Assets.xcassets */ = {isa = PBXFileReference; lastKnownFileType = folder.assetcatalog; path = Assets.xcassets; sourceTree = "<group>"; };
		62819CB02540BF0A009AD44D /* workingexamplewidget-Info.plist */ = {isa = PBXFileReference; lastKnownFileType = text.plist.xml; path = "workingexamplewidget-Info.plist"; sourceTree = "<group>"; };
		628D2BF22539FBFD007AF75E /* WorkingExamplesSwiftUI.app */ = {isa = PBXFileReference; explicitFileType = wrapper.application; includeInIndex = 0; path = WorkingExamplesSwiftUI.app; sourceTree = BUILT_PRODUCTS_DIR; };
		628D2BF82539FBFE007AF75E /* Assets.xcassets */ = {isa = PBXFileReference; lastKnownFileType = folder.assetcatalog; path = Assets.xcassets; sourceTree = "<group>"; };
		628D2BFB2539FBFE007AF75E /* PreviewAssets.xcassets */ = {isa = PBXFileReference; lastKnownFileType = folder.assetcatalog; path = PreviewAssets.xcassets; sourceTree = "<group>"; };
		628D2C002539FBFE007AF75E /* mac-Info.plist */ = {isa = PBXFileReference; lastKnownFileType = text.plist.xml; path = "mac-Info.plist"; sourceTree = "<group>"; };
		628D2C012539FBFE007AF75E /* mac.entitlements */ = {isa = PBXFileReference; lastKnownFileType = text.plist.entitlements; path = mac.entitlements; sourceTree = "<group>"; };
		628D2C142539FEB3007AF75E /* iphone.entitlements */ = {isa = PBXFileReference; lastKnownFileType = text.plist.entitlements; path = iphone.entitlements; sourceTree = "<group>"; };
		628D2C172539FFC7007AF75E /* Debug.xcconfig */ = {isa = PBXFileReference; lastKnownFileType = text.xcconfig; path = Debug.xcconfig; sourceTree = "<group>"; };
		628D2C182539FFC7007AF75E /* Release.xcconfig */ = {isa = PBXFileReference; lastKnownFileType = text.xcconfig; path = Release.xcconfig; sourceTree = "<group>"; };
		628D2C192539FFC7007AF75E /* LocalDebug.xcconfig */ = {isa = PBXFileReference; lastKnownFileType = text.xcconfig; path = LocalDebug.xcconfig; sourceTree = "<group>"; };
		628D2C36253A057A007AF75E /* Settings.bundle */ = {isa = PBXFileReference; lastKnownFileType = "wrapper.plug-in"; path = Settings.bundle; sourceTree = "<group>"; };
		62C9C69E253DACC000E2AA88 /* workingexampleclip.app */ = {isa = PBXFileReference; explicitFileType = wrapper.application; includeInIndex = 0; path = workingexampleclip.app; sourceTree = BUILT_PRODUCTS_DIR; };
		62C9C6A0253DACC000E2AA88 /* WorkingExampleClipApp.swift */ = {isa = PBXFileReference; lastKnownFileType = sourcecode.swift; path = WorkingExampleClipApp.swift; sourceTree = "<group>"; };
		62C9C6A4253DACC100E2AA88 /* Assets.xcassets */ = {isa = PBXFileReference; lastKnownFileType = folder.assetcatalog; path = Assets.xcassets; sourceTree = "<group>"; };
		62C9C6A7253DACC100E2AA88 /* PreviewAssets.xcassets */ = {isa = PBXFileReference; lastKnownFileType = folder.assetcatalog; path = PreviewAssets.xcassets; sourceTree = "<group>"; };
		62C9C6A9253DACC100E2AA88 /* workingexampleclip-Info.plist */ = {isa = PBXFileReference; lastKnownFileType = text.plist.xml; path = "workingexampleclip-Info.plist"; sourceTree = "<group>"; };
		62C9C6AA253DACC100E2AA88 /* workingexampleclip.entitlements */ = {isa = PBXFileReference; lastKnownFileType = text.plist.entitlements; path = workingexampleclip.entitlements; sourceTree = "<group>"; };
		62C9C6D6253E02FA00E2AA88 /* ExampleList.swift */ = {isa = PBXFileReference; lastKnownFileType = sourcecode.swift; path = ExampleList.swift; sourceTree = "<group>"; };
		62E378A7254C3BC000685207 /* ExampleModel+Combine.swift */ = {isa = PBXFileReference; lastKnownFileType = sourcecode.swift; path = "ExampleModel+Combine.swift"; sourceTree = "<group>"; };
		62E378C025599C5000685207 /* PostModel.swift */ = {isa = PBXFileReference; lastKnownFileType = sourcecode.swift; path = PostModel.swift; sourceTree = "<group>"; };
		62E378CB25599E5F00685207 /* PostModel+Params.swift */ = {isa = PBXFileReference; lastKnownFileType = sourcecode.swift; path = "PostModel+Params.swift"; sourceTree = "<group>"; };
		62E378CC25599E6C00685207 /* PostModel+Combine.swift */ = {isa = PBXFileReference; lastKnownFileType = sourcecode.swift; path = "PostModel+Combine.swift"; sourceTree = "<group>"; };
		62E378F02559A85C00685207 /* PostList.swift */ = {isa = PBXFileReference; lastKnownFileType = sourcecode.swift; path = PostList.swift; sourceTree = "<group>"; };
		62E378FF2559A91100685207 /* PostDetail.swift */ = {isa = PBXFileReference; lastKnownFileType = sourcecode.swift; path = PostDetail.swift; sourceTree = "<group>"; };
		62E3790E2559ABA000685207 /* ExamplesHome.swift */ = {isa = PBXFileReference; lastKnownFileType = sourcecode.swift; path = ExamplesHome.swift; sourceTree = "<group>"; };
		9D23D40225ADFD91000534AD /* SettingsView.swift */ = {isa = PBXFileReference; lastKnownFileType = sourcecode.swift; path = SettingsView.swift; sourceTree = "<group>"; };
		9D7245A2257AB57C00BC6E41 /* LICENSE */ = {isa = PBXFileReference; lastKnownFileType = text; path = LICENSE; sourceTree = "<group>"; };
		9D7245A3257AB57C00BC6E41 /* README.md */ = {isa = PBXFileReference; lastKnownFileType = net.daringfireball.markdown; path = README.md; sourceTree = "<group>"; };
		9D8BF00B2580CFBF00B01A77 /* Formatter.swift */ = {isa = PBXFileReference; lastKnownFileType = sourcecode.swift; path = Formatter.swift; sourceTree = "<group>"; };
		9D8BF01E2580D5AA00B01A77 /* Localizable.strings */ = {isa = PBXFileReference; lastKnownFileType = text.plist.strings; path = Localizable.strings; sourceTree = "<group>"; };
		9DF8022625DBD14F00DC2B4B /* en */ = {isa = PBXFileReference; lastKnownFileType = file.intentdefinition; name = en; path = en.lproj/workingexamplewidget.intentdefinition; sourceTree = "<group>"; };
/* End PBXFileReference section */

/* Begin PBXFrameworksBuildPhase section */
		6225380B2539F6FB00EFD988 /* Frameworks */ = {
			isa = PBXFrameworksBuildPhase;
			buildActionMask = 2147483647;
			files = (
				9D9FD088258951C600142A71 /* WorkingExamples in Frameworks */,
			);
			runOnlyForDeploymentPostprocessing = 0;
		};
		62819CA22540BF09009AD44D /* Frameworks */ = {
			isa = PBXFrameworksBuildPhase;
			buildActionMask = 2147483647;
			files = (
				62819CA92540BF09009AD44D /* SwiftUI.framework in Frameworks */,
				62819CA72540BF09009AD44D /* WidgetKit.framework in Frameworks */,
			);
			runOnlyForDeploymentPostprocessing = 0;
		};
		628D2BEF2539FBFD007AF75E /* Frameworks */ = {
			isa = PBXFrameworksBuildPhase;
			buildActionMask = 2147483647;
			files = (
				629431BD253A096A00FA1CFD /* WorkingExamples in Frameworks */,
			);
			runOnlyForDeploymentPostprocessing = 0;
		};
		62C9C69B253DACC000E2AA88 /* Frameworks */ = {
			isa = PBXFrameworksBuildPhase;
			buildActionMask = 2147483647;
			files = (
				9D9FD08A258951E600142A71 /* WorkingExamples in Frameworks */,
			);
			runOnlyForDeploymentPostprocessing = 0;
		};
/* End PBXFrameworksBuildPhase section */

/* Begin PBXGroup section */
		622538052539F6FB00EFD988 = {
			isa = PBXGroup;
			children = (
				9D7245A2257AB57C00BC6E41 /* LICENSE */,
				9D7245A3257AB57C00BC6E41 /* README.md */,
				628D2BE72539FAAD007AF75E /* src */,
				628D2BED2539FB1F007AF75E /* conf */,
				6225380F2539F6FB00EFD988 /* Products */,
				629431BB253A096A00FA1CFD /* Frameworks */,
			);
			sourceTree = "<group>";
		};
		6225380F2539F6FB00EFD988 /* Products */ = {
			isa = PBXGroup;
			children = (
				6225380E2539F6FB00EFD988 /* WorkingExamplesSwiftUI.app */,
				628D2BF22539FBFD007AF75E /* WorkingExamplesSwiftUI.app */,
				62C9C69E253DACC000E2AA88 /* workingexampleclip.app */,
				62819CA52540BF09009AD44D /* workingexamplewidget.appex */,
			);
			name = Products;
			sourceTree = "<group>";
		};
		622538102539F6FB00EFD988 /* iphone */ = {
			isa = PBXGroup;
			children = (
				628D2C36253A057A007AF75E /* Settings.bundle */,
				622538152539F6FC00EFD988 /* Assets.xcassets */,
				622538172539F6FC00EFD988 /* PreviewContent */,
			);
			path = iphone;
			sourceTree = "<group>";
		};
		622538172539F6FC00EFD988 /* PreviewContent */ = {
			isa = PBXGroup;
			children = (
				622538182539F6FC00EFD988 /* PreviewAssets.xcassets */,
			);
			path = PreviewContent;
			sourceTree = "<group>";
		};
		62819CAA2540BF09009AD44D /* workingexamplewidget */ = {
			isa = PBXGroup;
			children = (
				62819CAB2540BF09009AD44D /* WorkingExampleWidget.swift */,
				9DE6D5AB259A394F009B06F8 /* workingexamplewidget.intentdefinition */,
				62819CAE2540BF0A009AD44D /* Assets.xcassets */,
			);
			path = workingexamplewidget;
			sourceTree = "<group>";
		};
		628D2BE72539FAAD007AF75E /* src */ = {
			isa = PBXGroup;
			children = (
				628D2BE82539FAC6007AF75E /* common */,
				622538102539F6FB00EFD988 /* iphone */,
				628D2BEC2539FAFF007AF75E /* mac */,
				62819CAA2540BF09009AD44D /* workingexamplewidget */,
				62C9C69F253DACC000E2AA88 /* workingexampleclip */,
			);
			path = src;
			sourceTree = "<group>";
		};
		628D2BE82539FAC6007AF75E /* common */ = {
			isa = PBXGroup;
			children = (
				620047BD25402DB10081B773 /* AppData.swift */,
				6221B709254840CA00AC70B2 /* AppHome.swift */,
				6221B6CD2541F0E000AC70B2 /* ExampleDetail.swift */,
				62C9C6D6253E02FA00E2AA88 /* ExampleList.swift */,
				620047C225402DDE0081B773 /* ExampleModel.swift */,
				6221B71D2549E11F00AC70B2 /* ExampleModel+Array.swift */,
				62E378A7254C3BC000685207 /* ExampleModel+Combine.swift */,
				6221B6B02541EC6E00AC70B2 /* ExampleModel+SwiftUI.swift */,
				62E3790E2559ABA000685207 /* ExamplesHome.swift */,
				9D8BF00B2580CFBF00B01A77 /* Formatter.swift */,
				623F7DC5254B16FF00E20E47 /* ImageModel.swift */,
				9D8BF01E2580D5AA00B01A77 /* Localizable.strings */,
				62E378FF2559A91100685207 /* PostDetail.swift */,
				62E378F02559A85C00685207 /* PostList.swift */,
				62E378C025599C5000685207 /* PostModel.swift */,
				62E378CC25599E6C00685207 /* PostModel+Combine.swift */,
				62E378CB25599E5F00685207 /* PostModel+Params.swift */,
				6221B7132549E04000AC70B2 /* PostsHome.swift */,
				622538112539F6FB00EFD988 /* WorkingExamplesApp.swift */,
			);
			path = common;
			sourceTree = "<group>";
		};
		628D2BEC2539FAFF007AF75E /* mac */ = {
			isa = PBXGroup;
			children = (
				9D23D40225ADFD91000534AD /* SettingsView.swift */,
				628D2BF82539FBFE007AF75E /* Assets.xcassets */,
				628D2BFA2539FBFE007AF75E /* PreviewContent */,
			);
			path = mac;
			sourceTree = "<group>";
		};
		628D2BED2539FB1F007AF75E /* conf */ = {
			isa = PBXGroup;
			children = (
				628D2C142539FEB3007AF75E /* iphone.entitlements */,
				628D2C012539FBFE007AF75E /* mac.entitlements */,
				62C9C6AA253DACC100E2AA88 /* workingexampleclip.entitlements */,
				6221B6F2254342C300AC70B2 /* workingexamplewidget.entitlements */,
				6225381A2539F6FC00EFD988 /* iphone-Info.plist */,
				628D2C002539FBFE007AF75E /* mac-Info.plist */,
				62C9C6A9253DACC100E2AA88 /* workingexampleclip-Info.plist */,
				62819CB02540BF0A009AD44D /* workingexamplewidget-Info.plist */,
				628D2C172539FFC7007AF75E /* Debug.xcconfig */,
				628D2C192539FFC7007AF75E /* LocalDebug.xcconfig */,
				628D2C182539FFC7007AF75E /* Release.xcconfig */,
			);
			path = conf;
			sourceTree = "<group>";
		};
		628D2BFA2539FBFE007AF75E /* PreviewContent */ = {
			isa = PBXGroup;
			children = (
				628D2BFB2539FBFE007AF75E /* PreviewAssets.xcassets */,
			);
			path = PreviewContent;
			sourceTree = "<group>";
		};
		629431BB253A096A00FA1CFD /* Frameworks */ = {
			isa = PBXGroup;
			children = (
				62819CA62540BF09009AD44D /* WidgetKit.framework */,
				62819CA82540BF09009AD44D /* SwiftUI.framework */,
			);
			name = Frameworks;
			sourceTree = "<group>";
		};
		62C9C69F253DACC000E2AA88 /* workingexampleclip */ = {
			isa = PBXGroup;
			children = (
				62C9C6A0253DACC000E2AA88 /* WorkingExampleClipApp.swift */,
				62C9C6A4253DACC100E2AA88 /* Assets.xcassets */,
				62C9C6A6253DACC100E2AA88 /* PreviewContent */,
			);
			path = workingexampleclip;
			sourceTree = "<group>";
		};
		62C9C6A6253DACC100E2AA88 /* PreviewContent */ = {
			isa = PBXGroup;
			children = (
				62C9C6A7253DACC100E2AA88 /* PreviewAssets.xcassets */,
			);
			path = PreviewContent;
			sourceTree = "<group>";
		};
/* End PBXGroup section */

/* Begin PBXNativeTarget section */
		6225380D2539F6FB00EFD988 /* iphone */ = {
			isa = PBXNativeTarget;
			buildConfigurationList = 6225381D2539F6FC00EFD988 /* Build configuration list for PBXNativeTarget "iphone" */;
			buildPhases = (
				6225380A2539F6FB00EFD988 /* Sources */,
				6225380B2539F6FB00EFD988 /* Frameworks */,
				6225380C2539F6FB00EFD988 /* Resources */,
				62C9C6AE253DACC100E2AA88 /* Embed App Clips */,
				62819CB62540BF0A009AD44D /* Embed App Extensions */,
			);
			buildRules = (
			);
			dependencies = (
				62C9C6AC253DACC100E2AA88 /* PBXTargetDependency */,
				62819CB42540BF0A009AD44D /* PBXTargetDependency */,
			);
			name = iphone;
			packageProductDependencies = (
				9D9FD087258951C600142A71 /* WorkingExamples */,
			);
			productName = WorkingExamplesSwiftUI;
			productReference = 6225380E2539F6FB00EFD988 /* WorkingExamplesSwiftUI.app */;
			productType = "com.apple.product-type.application";
		};
		62819CA42540BF09009AD44D /* workingexamplewidget */ = {
			isa = PBXNativeTarget;
			buildConfigurationList = 62819CBA2540BF0A009AD44D /* Build configuration list for PBXNativeTarget "workingexamplewidget" */;
			buildPhases = (
				62819CA12540BF09009AD44D /* Sources */,
				62819CA22540BF09009AD44D /* Frameworks */,
				62819CA32540BF09009AD44D /* Resources */,
			);
			buildRules = (
			);
			dependencies = (
			);
			name = workingexamplewidget;
			packageProductDependencies = (
			);
			productName = workingexamplewidgetExtension;
			productReference = 62819CA52540BF09009AD44D /* workingexamplewidget.appex */;
			productType = "com.apple.product-type.app-extension";
		};
		628D2BF12539FBFD007AF75E /* mac */ = {
			isa = PBXNativeTarget;
			buildConfigurationList = 628D2C022539FBFE007AF75E /* Build configuration list for PBXNativeTarget "mac" */;
			buildPhases = (
				628D2BEE2539FBFD007AF75E /* Sources */,
				628D2BEF2539FBFD007AF75E /* Frameworks */,
				628D2BF02539FBFD007AF75E /* Resources */,
			);
			buildRules = (
			);
			dependencies = (
			);
			name = mac;
			packageProductDependencies = (
				629431BC253A096A00FA1CFD /* WorkingExamples */,
			);
			productName = WorkingExamplesSwiftUI;
			productReference = 628D2BF22539FBFD007AF75E /* WorkingExamplesSwiftUI.app */;
			productType = "com.apple.product-type.application";
		};
		62C9C69D253DACC000E2AA88 /* workingexampleclip */ = {
			isa = PBXNativeTarget;
			buildConfigurationList = 62C9C6B2253DACC100E2AA88 /* Build configuration list for PBXNativeTarget "workingexampleclip" */;
			buildPhases = (
				62C9C69A253DACC000E2AA88 /* Sources */,
				62C9C69B253DACC000E2AA88 /* Frameworks */,
				62C9C69C253DACC000E2AA88 /* Resources */,
			);
			buildRules = (
			);
			dependencies = (
			);
			name = workingexampleclip;
			packageProductDependencies = (
				9D9FD089258951E600142A71 /* WorkingExamples */,
			);
			productName = WorkingExampleClip;
			productReference = 62C9C69E253DACC000E2AA88 /* workingexampleclip.app */;
			productType = "com.apple.product-type.application.on-demand-install-capable";
		};
/* End PBXNativeTarget section */

/* Begin PBXProject section */
		622538062539F6FB00EFD988 /* Project object */ = {
			isa = PBXProject;
			attributes = {
				LastSwiftUpdateCheck = 1210;
				LastUpgradeCheck = 1210;
				ORGANIZATIONNAME = "Swift You and I by Diego Lavalle";
				TargetAttributes = {
					6225380D2539F6FB00EFD988 = {
						CreatedOnToolsVersion = 12.0.1;
					};
					62819CA42540BF09009AD44D = {
						CreatedOnToolsVersion = 12.1;
					};
					628D2BF12539FBFD007AF75E = {
						CreatedOnToolsVersion = 12.0.1;
					};
					62C9C69D253DACC000E2AA88 = {
						CreatedOnToolsVersion = 12.0.1;
					};
				};
			};
			buildConfigurationList = 622538092539F6FB00EFD988 /* Build configuration list for PBXProject "WorkingExamples" */;
			compatibilityVersion = "Xcode 12.0";
			developmentRegion = en;
			hasScannedForEncodings = 0;
			knownRegions = (
				en,
				Base,
			);
			mainGroup = 622538052539F6FB00EFD988;
			packageReferences = (
				629431B6253A095100FA1CFD /* XCRemoteSwiftPackageReference "working-examples" */,
			);
			productRefGroup = 6225380F2539F6FB00EFD988 /* Products */;
			projectDirPath = "";
			projectRoot = "";
			targets = (
				6225380D2539F6FB00EFD988 /* iphone */,
				628D2BF12539FBFD007AF75E /* mac */,
				62C9C69D253DACC000E2AA88 /* workingexampleclip */,
				62819CA42540BF09009AD44D /* workingexamplewidget */,
			);
		};
/* End PBXProject section */

/* Begin PBXResourcesBuildPhase section */
		6225380C2539F6FB00EFD988 /* Resources */ = {
			isa = PBXResourcesBuildPhase;
			buildActionMask = 2147483647;
			files = (
				622538192539F6FC00EFD988 /* PreviewAssets.xcassets in Resources */,
				9D8BF01F2580D5AA00B01A77 /* Localizable.strings in Resources */,
				628D2C37253A057A007AF75E /* Settings.bundle in Resources */,
				622538162539F6FC00EFD988 /* Assets.xcassets in Resources */,
			);
			runOnlyForDeploymentPostprocessing = 0;
		};
		62819CA32540BF09009AD44D /* Resources */ = {
			isa = PBXResourcesBuildPhase;
			buildActionMask = 2147483647;
			files = (
				62819CAF2540BF0A009AD44D /* Assets.xcassets in Resources */,
			);
			runOnlyForDeploymentPostprocessing = 0;
		};
		628D2BF02539FBFD007AF75E /* Resources */ = {
			isa = PBXResourcesBuildPhase;
			buildActionMask = 2147483647;
			files = (
				628D2BFC2539FBFE007AF75E /* PreviewAssets.xcassets in Resources */,
				9D8BF0202580D5AA00B01A77 /* Localizable.strings in Resources */,
				628D2BF92539FBFE007AF75E /* Assets.xcassets in Resources */,
			);
			runOnlyForDeploymentPostprocessing = 0;
		};
		62C9C69C253DACC000E2AA88 /* Resources */ = {
			isa = PBXResourcesBuildPhase;
			buildActionMask = 2147483647;
			files = (
				62C9C6A8253DACC100E2AA88 /* PreviewAssets.xcassets in Resources */,
				62C9C6A5253DACC100E2AA88 /* Assets.xcassets in Resources */,
			);
			runOnlyForDeploymentPostprocessing = 0;
		};
/* End PBXResourcesBuildPhase section */

/* Begin PBXSourcesBuildPhase section */
		6225380A2539F6FB00EFD988 /* Sources */ = {
			isa = PBXSourcesBuildPhase;
			buildActionMask = 2147483647;
			files = (
				623F7DC6254B182200E20E47 /* ImageModel.swift in Sources */,
				9D8BF0102580D01E00B01A77 /* Formatter.swift in Sources */,
				6221B6B52541ECED00AC70B2 /* ExampleModel+SwiftUI.swift in Sources */,
				6221B6D22541F18D00AC70B2 /* ExampleDetail.swift in Sources */,
				62C9C6D9253E02FA00E2AA88 /* ExampleList.swift in Sources */,
				62E378F12559A86000685207 /* PostList.swift in Sources */,
				620047C325402DDE0081B773 /* ExampleModel.swift in Sources */,
				62E378C125599C6600685207 /* PostModel.swift in Sources */,
				6221B70A254840CA00AC70B2 /* AppHome.swift in Sources */,
				622538122539F6FB00EFD988 /* WorkingExamplesApp.swift in Sources */,
				62E379092559AA6000685207 /* PostDetail.swift in Sources */,
				6221B71E2549E14600AC70B2 /* ExampleModel+Array.swift in Sources */,
				62E378D62559A08500685207 /* PostModel+Params.swift in Sources */,
				620047BE25402DB10081B773 /* AppData.swift in Sources */,
				62E378E02559A08A00685207 /* PostModel+Combine.swift in Sources */,
				6221B7142549E04000AC70B2 /* PostsHome.swift in Sources */,
				62E378AC254C3D1100685207 /* ExampleModel+Combine.swift in Sources */,
				9DE6D5A8259A394F009B06F8 /* workingexamplewidget.intentdefinition in Sources */,
				62E3790F2559ABA000685207 /* ExamplesHome.swift in Sources */,
			);
			runOnlyForDeploymentPostprocessing = 0;
		};
		62819CA12540BF09009AD44D /* Sources */ = {
			isa = PBXSourcesBuildPhase;
			buildActionMask = 2147483647;
			files = (
				62819CAC2540BF09009AD44D /* WorkingExampleWidget.swift in Sources */,
				623F7DCD254B182500E20E47 /* ImageModel.swift in Sources */,
				9DE6D5A9259A394F009B06F8 /* workingexamplewidget.intentdefinition in Sources */,
				6221B7252549E14A00AC70B2 /* ExampleModel+Array.swift in Sources */,
				62819CDD25417D17009AD44D /* ExampleModel.swift in Sources */,
			);
			runOnlyForDeploymentPostprocessing = 0;
		};
		628D2BEE2539FBFD007AF75E /* Sources */ = {
			isa = PBXSourcesBuildPhase;
			buildActionMask = 2147483647;
			files = (
				D70BD3772562D32400A2CD98 /* WorkingExamplesApp.swift in Sources */,
				D70BD3642562D2AC00A2CD98 /* ExamplesHome.swift in Sources */,
				6221B6BA2541ECEE00AC70B2 /* ExampleModel+SwiftUI.swift in Sources */,
				620047AE253F50AA0081B773 /* ExampleList.swift in Sources */,
				6221B72F2549E63B00AC70B2 /* ExampleModel.swift in Sources */,
				623F7DCB254B182300E20E47 /* ImageModel.swift in Sources */,
				D70BD3622562D2AC00A2CD98 /* PostsHome.swift in Sources */,
				62E378DB2559A08900685207 /* PostModel+Combine.swift in Sources */,
				6221B7382549E65C00AC70B2 /* ExampleDetail.swift in Sources */,
				6221B7242549E14800AC70B2 /* ExampleModel+Array.swift in Sources */,
				9D23D40325ADFD91000534AD /* SettingsView.swift in Sources */,
				62E378D12559A08400685207 /* PostModel+Params.swift in Sources */,
				D70BD3632562D2AC00A2CD98 /* AppHome.swift in Sources */,
				9D8BF0152580D01F00B01A77 /* Formatter.swift in Sources */,
				62E378B1254C3D1200685207 /* ExampleModel+Combine.swift in Sources */,
				6221B72A2549E63400AC70B2 /* AppData.swift in Sources */,
				62E378F62559A86100685207 /* PostList.swift in Sources */,
				62E379042559AA5E00685207 /* PostDetail.swift in Sources */,
				62E378C625599C6700685207 /* PostModel.swift in Sources */,
			);
			runOnlyForDeploymentPostprocessing = 0;
		};
		62C9C69A253DACC000E2AA88 /* Sources */ = {
			isa = PBXSourcesBuildPhase;
			buildActionMask = 2147483647;
			files = (
				6221B7232549E14700AC70B2 /* ExampleModel+Array.swift in Sources */,
				62E378E62559A13C00685207 /* PostModel+Combine.swift in Sources */,
				62E378E52559A13C00685207 /* PostModel+Params.swift in Sources */,
				62819CE225417D28009AD44D /* ExampleModel.swift in Sources */,
				62E378B2254C3D1300685207 /* ExampleModel+Combine.swift in Sources */,
				6221B6D72541F19100AC70B2 /* ExampleDetail.swift in Sources */,
				62C9C6A1253DACC000E2AA88 /* WorkingExampleClipApp.swift in Sources */,
				6221B6BB2541ECEE00AC70B2 /* ExampleModel+SwiftUI.swift in Sources */,
				6221B6DC2541FED200AC70B2 /* AppData.swift in Sources */,
				623F7DCC254B182400E20E47 /* ImageModel.swift in Sources */,
				62E378E72559A13C00685207 /* PostModel.swift in Sources */,
			);
			runOnlyForDeploymentPostprocessing = 0;
		};
/* End PBXSourcesBuildPhase section */

/* Begin PBXTargetDependency section */
		62819CB42540BF0A009AD44D /* PBXTargetDependency */ = {
			isa = PBXTargetDependency;
			target = 62819CA42540BF09009AD44D /* workingexamplewidget */;
			targetProxy = 62819CB32540BF0A009AD44D /* PBXContainerItemProxy */;
		};
		62C9C6AC253DACC100E2AA88 /* PBXTargetDependency */ = {
			isa = PBXTargetDependency;
			target = 62C9C69D253DACC000E2AA88 /* workingexampleclip */;
			targetProxy = 62C9C6AB253DACC100E2AA88 /* PBXContainerItemProxy */;
		};
/* End PBXTargetDependency section */

/* Begin PBXVariantGroup section */
		9DE6D5AB259A394F009B06F8 /* workingexamplewidget.intentdefinition */ = {
			isa = PBXVariantGroup;
			children = (
				9DF8022625DBD14F00DC2B4B /* en */,
			);
			name = workingexamplewidget.intentdefinition;
			sourceTree = "<group>";
		};
/* End PBXVariantGroup section */

/* Begin XCBuildConfiguration section */
		6225381B2539F6FC00EFD988 /* Debug */ = {
			isa = XCBuildConfiguration;
			baseConfigurationReference = 628D2C172539FFC7007AF75E /* Debug.xcconfig */;
			buildSettings = {
				ALWAYS_SEARCH_USER_PATHS = NO;
				CLANG_ANALYZER_NONNULL = YES;
				CLANG_ANALYZER_NUMBER_OBJECT_CONVERSION = YES_AGGRESSIVE;
				CLANG_CXX_LANGUAGE_STANDARD = "gnu++14";
				CLANG_CXX_LIBRARY = "libc++";
				CLANG_ENABLE_MODULES = YES;
				CLANG_ENABLE_OBJC_ARC = YES;
				CLANG_ENABLE_OBJC_WEAK = YES;
				CLANG_WARN_BLOCK_CAPTURE_AUTORELEASING = YES;
				CLANG_WARN_BOOL_CONVERSION = YES;
				CLANG_WARN_COMMA = YES;
				CLANG_WARN_CONSTANT_CONVERSION = YES;
				CLANG_WARN_DEPRECATED_OBJC_IMPLEMENTATIONS = YES;
				CLANG_WARN_DIRECT_OBJC_ISA_USAGE = YES_ERROR;
				CLANG_WARN_DOCUMENTATION_COMMENTS = YES;
				CLANG_WARN_EMPTY_BODY = YES;
				CLANG_WARN_ENUM_CONVERSION = YES;
				CLANG_WARN_INFINITE_RECURSION = YES;
				CLANG_WARN_INT_CONVERSION = YES;
				CLANG_WARN_NON_LITERAL_NULL_CONVERSION = YES;
				CLANG_WARN_OBJC_IMPLICIT_RETAIN_SELF = YES;
				CLANG_WARN_OBJC_LITERAL_CONVERSION = YES;
				CLANG_WARN_OBJC_ROOT_CLASS = YES_ERROR;
				CLANG_WARN_QUOTED_INCLUDE_IN_FRAMEWORK_HEADER = YES;
				CLANG_WARN_RANGE_LOOP_ANALYSIS = YES;
				CLANG_WARN_STRICT_PROTOTYPES = YES;
				CLANG_WARN_SUSPICIOUS_MOVE = YES;
				CLANG_WARN_UNGUARDED_AVAILABILITY = YES_AGGRESSIVE;
				CLANG_WARN_UNREACHABLE_CODE = YES;
				CLANG_WARN__DUPLICATE_METHOD_MATCH = YES;
				COPY_PHASE_STRIP = NO;
				DEBUG_INFORMATION_FORMAT = dwarf;
				ENABLE_STRICT_OBJC_MSGSEND = YES;
				ENABLE_TESTABILITY = YES;
				GCC_C_LANGUAGE_STANDARD = gnu11;
				GCC_DYNAMIC_NO_PIC = NO;
				GCC_NO_COMMON_BLOCKS = YES;
				GCC_OPTIMIZATION_LEVEL = 0;
				GCC_PREPROCESSOR_DEFINITIONS = (
					"DEBUG=1",
					"$(inherited)",
				);
				GCC_WARN_64_TO_32_BIT_CONVERSION = YES;
				GCC_WARN_ABOUT_RETURN_TYPE = YES_ERROR;
				GCC_WARN_UNDECLARED_SELECTOR = YES;
				GCC_WARN_UNINITIALIZED_AUTOS = YES_AGGRESSIVE;
				GCC_WARN_UNUSED_FUNCTION = YES;
				GCC_WARN_UNUSED_VARIABLE = YES;
				IPHONEOS_DEPLOYMENT_TARGET = 14.5;
				MACOSX_DEPLOYMENT_TARGET = 11.3;
				MTL_ENABLE_DEBUG_INFO = INCLUDE_SOURCE;
				MTL_FAST_MATH = YES;
				ONLY_ACTIVE_ARCH = YES;
				SDKROOT = iphoneos;
				SWIFT_ACTIVE_COMPILATION_CONDITIONS = DEBUG;
				SWIFT_OPTIMIZATION_LEVEL = "-Onone";
			};
			name = Debug;
		};
		6225381C2539F6FC00EFD988 /* Release */ = {
			isa = XCBuildConfiguration;
			baseConfigurationReference = 628D2C182539FFC7007AF75E /* Release.xcconfig */;
			buildSettings = {
				ALWAYS_SEARCH_USER_PATHS = NO;
				CLANG_ANALYZER_NONNULL = YES;
				CLANG_ANALYZER_NUMBER_OBJECT_CONVERSION = YES_AGGRESSIVE;
				CLANG_CXX_LANGUAGE_STANDARD = "gnu++14";
				CLANG_CXX_LIBRARY = "libc++";
				CLANG_ENABLE_MODULES = YES;
				CLANG_ENABLE_OBJC_ARC = YES;
				CLANG_ENABLE_OBJC_WEAK = YES;
				CLANG_WARN_BLOCK_CAPTURE_AUTORELEASING = YES;
				CLANG_WARN_BOOL_CONVERSION = YES;
				CLANG_WARN_COMMA = YES;
				CLANG_WARN_CONSTANT_CONVERSION = YES;
				CLANG_WARN_DEPRECATED_OBJC_IMPLEMENTATIONS = YES;
				CLANG_WARN_DIRECT_OBJC_ISA_USAGE = YES_ERROR;
				CLANG_WARN_DOCUMENTATION_COMMENTS = YES;
				CLANG_WARN_EMPTY_BODY = YES;
				CLANG_WARN_ENUM_CONVERSION = YES;
				CLANG_WARN_INFINITE_RECURSION = YES;
				CLANG_WARN_INT_CONVERSION = YES;
				CLANG_WARN_NON_LITERAL_NULL_CONVERSION = YES;
				CLANG_WARN_OBJC_IMPLICIT_RETAIN_SELF = YES;
				CLANG_WARN_OBJC_LITERAL_CONVERSION = YES;
				CLANG_WARN_OBJC_ROOT_CLASS = YES_ERROR;
				CLANG_WARN_QUOTED_INCLUDE_IN_FRAMEWORK_HEADER = YES;
				CLANG_WARN_RANGE_LOOP_ANALYSIS = YES;
				CLANG_WARN_STRICT_PROTOTYPES = YES;
				CLANG_WARN_SUSPICIOUS_MOVE = YES;
				CLANG_WARN_UNGUARDED_AVAILABILITY = YES_AGGRESSIVE;
				CLANG_WARN_UNREACHABLE_CODE = YES;
				CLANG_WARN__DUPLICATE_METHOD_MATCH = YES;
				COPY_PHASE_STRIP = NO;
				DEBUG_INFORMATION_FORMAT = "dwarf-with-dsym";
				ENABLE_NS_ASSERTIONS = NO;
				ENABLE_STRICT_OBJC_MSGSEND = YES;
				GCC_C_LANGUAGE_STANDARD = gnu11;
				GCC_NO_COMMON_BLOCKS = YES;
				GCC_WARN_64_TO_32_BIT_CONVERSION = YES;
				GCC_WARN_ABOUT_RETURN_TYPE = YES_ERROR;
				GCC_WARN_UNDECLARED_SELECTOR = YES;
				GCC_WARN_UNINITIALIZED_AUTOS = YES_AGGRESSIVE;
				GCC_WARN_UNUSED_FUNCTION = YES;
				GCC_WARN_UNUSED_VARIABLE = YES;
				IPHONEOS_DEPLOYMENT_TARGET = 14.5;
				MACOSX_DEPLOYMENT_TARGET = 11.3;
				MTL_ENABLE_DEBUG_INFO = NO;
				MTL_FAST_MATH = YES;
				SDKROOT = iphoneos;
				SWIFT_COMPILATION_MODE = wholemodule;
				SWIFT_OPTIMIZATION_LEVEL = "-O";
				VALIDATE_PRODUCT = YES;
			};
			name = Release;
		};
		6225381E2539F6FC00EFD988 /* Debug */ = {
			isa = XCBuildConfiguration;
			baseConfigurationReference = 628D2C172539FFC7007AF75E /* Debug.xcconfig */;
			buildSettings = {
				ALWAYS_EMBED_SWIFT_STANDARD_LIBRARIES = YES;
				ASSETCATALOG_COMPILER_APPICON_NAME = AppIcon;
				ASSETCATALOG_COMPILER_GLOBAL_ACCENT_COLOR_NAME = AccentColor;
				CODE_SIGN_ENTITLEMENTS = conf/iphone.entitlements;
				CODE_SIGN_IDENTITY = "Apple Development";
				CODE_SIGN_STYLE = Automatic;
				CURRENT_PROJECT_VERSION = 20;
				DEVELOPMENT_ASSET_PATHS = "\"src/iphone/PreviewContent\"";
				DEVELOPMENT_TEAM = 9XW8U7UU4W;
				ENABLE_PREVIEWS = YES;
				INFOPLIST_FILE = "conf/iphone-Info.plist";
				IPHONEOS_DEPLOYMENT_TARGET = 14.5;
				LD_RUNPATH_SEARCH_PATHS = (
					"$(inherited)",
					"@executable_path/Frameworks",
				);
				MARKETING_VERSION = 2.0.4;
				PRODUCT_BUNDLE_IDENTIFIER = com.diegolavalle.WorkingExamples;
				PRODUCT_NAME = "$(inherited)";
				PROVISIONING_PROFILE_SPECIFIER = "";
				SWIFT_VERSION = 5.0;
				TARGETED_DEVICE_FAMILY = "1,2";
			};
			name = Debug;
		};
		6225381F2539F6FC00EFD988 /* Release */ = {
			isa = XCBuildConfiguration;
			baseConfigurationReference = 628D2C182539FFC7007AF75E /* Release.xcconfig */;
			buildSettings = {
				ALWAYS_EMBED_SWIFT_STANDARD_LIBRARIES = YES;
				ASSETCATALOG_COMPILER_APPICON_NAME = AppIcon;
				ASSETCATALOG_COMPILER_GLOBAL_ACCENT_COLOR_NAME = AccentColor;
				CODE_SIGN_ENTITLEMENTS = conf/iphone.entitlements;
				CODE_SIGN_IDENTITY = "Apple Development";
				CODE_SIGN_STYLE = Automatic;
				CURRENT_PROJECT_VERSION = 20;
				DEVELOPMENT_ASSET_PATHS = "\"src/iphone/PreviewContent\"";
				DEVELOPMENT_TEAM = 9XW8U7UU4W;
				ENABLE_PREVIEWS = YES;
				INFOPLIST_FILE = "conf/iphone-Info.plist";
				IPHONEOS_DEPLOYMENT_TARGET = 14.5;
				LD_RUNPATH_SEARCH_PATHS = (
					"$(inherited)",
					"@executable_path/Frameworks",
				);
				MARKETING_VERSION = 2.0.4;
				PRODUCT_BUNDLE_IDENTIFIER = com.diegolavalle.WorkingExamples;
				PRODUCT_NAME = "$(inherited)";
				PROVISIONING_PROFILE_SPECIFIER = "";
				SWIFT_VERSION = 5.0;
				TARGETED_DEVICE_FAMILY = "1,2";
			};
			name = Release;
		};
		62819CB72540BF0A009AD44D /* Debug */ = {
			isa = XCBuildConfiguration;
			buildSettings = {
				ASSETCATALOG_COMPILER_GLOBAL_ACCENT_COLOR_NAME = AccentColor;
				ASSETCATALOG_COMPILER_WIDGET_BACKGROUND_COLOR_NAME = WidgetBackground;
				CODE_SIGN_ENTITLEMENTS = conf/workingexamplewidget.entitlements;
				CODE_SIGN_IDENTITY = "Apple Development";
				"CODE_SIGN_IDENTITY[sdk=macosx*]" = "Apple Development";
				CODE_SIGN_STYLE = Automatic;
				CURRENT_PROJECT_VERSION = 20;
				DEVELOPMENT_TEAM = 9XW8U7UU4W;
				INFOPLIST_FILE = "conf/workingexamplewidget-Info.plist";
				IPHONEOS_DEPLOYMENT_TARGET = 14.5;
				LD_RUNPATH_SEARCH_PATHS = (
					"$(inherited)",
					"@executable_path/Frameworks",
					"@executable_path/../../Frameworks",
				);
				MARKETING_VERSION = 2.0.4;
				PRODUCT_BUNDLE_IDENTIFIER = com.diegolavalle.WorkingExamples.widget;
				PRODUCT_NAME = "$(TARGET_NAME)";
				PROVISIONING_PROFILE_SPECIFIER = "";
				"PROVISIONING_PROFILE_SPECIFIER[sdk=macosx*]" = "";
				SKIP_INSTALL = YES;
				SUPPORTS_MACCATALYST = YES;
				SUPPORTS_MAC_DESIGNED_FOR_IPHONE_IPAD = NO;
				SWIFT_VERSION = 5.0;
				TARGETED_DEVICE_FAMILY = "1,2,6";
			};
			name = Debug;
		};
		62819CB82540BF0A009AD44D /* LocalDebug */ = {
			isa = XCBuildConfiguration;
			buildSettings = {
				ASSETCATALOG_COMPILER_GLOBAL_ACCENT_COLOR_NAME = AccentColor;
				ASSETCATALOG_COMPILER_WIDGET_BACKGROUND_COLOR_NAME = WidgetBackground;
				CODE_SIGN_ENTITLEMENTS = conf/workingexamplewidget.entitlements;
				CODE_SIGN_IDENTITY = "Apple Development";
				"CODE_SIGN_IDENTITY[sdk=macosx*]" = "Apple Development";
				CODE_SIGN_STYLE = Automatic;
				CURRENT_PROJECT_VERSION = 20;
				DEVELOPMENT_TEAM = 9XW8U7UU4W;
				INFOPLIST_FILE = "conf/workingexamplewidget-Info.plist";
				IPHONEOS_DEPLOYMENT_TARGET = 14.5;
				LD_RUNPATH_SEARCH_PATHS = (
					"$(inherited)",
					"@executable_path/Frameworks",
					"@executable_path/../../Frameworks",
				);
				MARKETING_VERSION = 2.0.4;
				PRODUCT_BUNDLE_IDENTIFIER = com.diegolavalle.WorkingExamples.widget;
				PRODUCT_NAME = "$(TARGET_NAME)";
				PROVISIONING_PROFILE_SPECIFIER = "";
				"PROVISIONING_PROFILE_SPECIFIER[sdk=macosx*]" = "";
				SKIP_INSTALL = YES;
				SUPPORTS_MACCATALYST = YES;
				SUPPORTS_MAC_DESIGNED_FOR_IPHONE_IPAD = NO;
				SWIFT_VERSION = 5.0;
				TARGETED_DEVICE_FAMILY = "1,2,6";
			};
			name = LocalDebug;
		};
		62819CB92540BF0A009AD44D /* Release */ = {
			isa = XCBuildConfiguration;
			buildSettings = {
				ASSETCATALOG_COMPILER_GLOBAL_ACCENT_COLOR_NAME = AccentColor;
				ASSETCATALOG_COMPILER_WIDGET_BACKGROUND_COLOR_NAME = WidgetBackground;
				CODE_SIGN_ENTITLEMENTS = conf/workingexamplewidget.entitlements;
				CODE_SIGN_IDENTITY = "Apple Development";
				"CODE_SIGN_IDENTITY[sdk=macosx*]" = "Apple Development";
				CODE_SIGN_STYLE = Automatic;
				CURRENT_PROJECT_VERSION = 20;
				DEVELOPMENT_TEAM = 9XW8U7UU4W;
				INFOPLIST_FILE = "conf/workingexamplewidget-Info.plist";
				IPHONEOS_DEPLOYMENT_TARGET = 14.5;
				LD_RUNPATH_SEARCH_PATHS = (
					"$(inherited)",
					"@executable_path/Frameworks",
					"@executable_path/../../Frameworks",
				);
				MARKETING_VERSION = 2.0.4;
				PRODUCT_BUNDLE_IDENTIFIER = com.diegolavalle.WorkingExamples.widget;
				PRODUCT_NAME = "$(TARGET_NAME)";
				PROVISIONING_PROFILE_SPECIFIER = "";
				"PROVISIONING_PROFILE_SPECIFIER[sdk=macosx*]" = "";
				SKIP_INSTALL = YES;
				SUPPORTS_MACCATALYST = YES;
				SUPPORTS_MAC_DESIGNED_FOR_IPHONE_IPAD = NO;
				SWIFT_VERSION = 5.0;
				TARGETED_DEVICE_FAMILY = "1,2,6";
			};
			name = Release;
		};
		628D2C032539FBFE007AF75E /* Debug */ = {
			isa = XCBuildConfiguration;
			baseConfigurationReference = 628D2C172539FFC7007AF75E /* Debug.xcconfig */;
			buildSettings = {
				ASSETCATALOG_COMPILER_APPICON_NAME = AppIcon;
				ASSETCATALOG_COMPILER_GLOBAL_ACCENT_COLOR_NAME = AccentColor;
				CODE_SIGN_ENTITLEMENTS = conf/mac.entitlements;
				CODE_SIGN_IDENTITY = "Apple Development";
				CODE_SIGN_STYLE = Automatic;
				COMBINE_HIDPI_IMAGES = YES;
				CURRENT_PROJECT_VERSION = 20;
				DEVELOPMENT_ASSET_PATHS = "\"src/mac/PreviewContent\"";
				DEVELOPMENT_TEAM = 9XW8U7UU4W;
				ENABLE_HARDENED_RUNTIME = YES;
				ENABLE_PREVIEWS = YES;
				INFOPLIST_FILE = "conf/mac-Info.plist";
				LD_RUNPATH_SEARCH_PATHS = (
					"$(inherited)",
					"@executable_path/../Frameworks",
				);
				MACOSX_DEPLOYMENT_TARGET = 11.3;
				MARKETING_VERSION = 2.0.4;
				PRODUCT_BUNDLE_IDENTIFIER = com.diegolavalle.WorkingExamples;
				PRODUCT_NAME = "$(inherited)";
				PROVISIONING_PROFILE_SPECIFIER = "";
				SDKROOT = macosx;
				SWIFT_VERSION = 5.0;
			};
			name = Debug;
		};
		628D2C042539FBFE007AF75E /* Release */ = {
			isa = XCBuildConfiguration;
			baseConfigurationReference = 628D2C182539FFC7007AF75E /* Release.xcconfig */;
			buildSettings = {
				ASSETCATALOG_COMPILER_APPICON_NAME = AppIcon;
				ASSETCATALOG_COMPILER_GLOBAL_ACCENT_COLOR_NAME = AccentColor;
				CODE_SIGN_ENTITLEMENTS = conf/mac.entitlements;
				CODE_SIGN_IDENTITY = "Apple Development";
				CODE_SIGN_STYLE = Automatic;
				COMBINE_HIDPI_IMAGES = YES;
				CURRENT_PROJECT_VERSION = 20;
				DEVELOPMENT_ASSET_PATHS = "\"src/mac/PreviewContent\"";
				DEVELOPMENT_TEAM = 9XW8U7UU4W;
				ENABLE_HARDENED_RUNTIME = YES;
				ENABLE_PREVIEWS = YES;
				INFOPLIST_FILE = "conf/mac-Info.plist";
				LD_RUNPATH_SEARCH_PATHS = (
					"$(inherited)",
					"@executable_path/../Frameworks",
				);
				MACOSX_DEPLOYMENT_TARGET = 11.3;
				MARKETING_VERSION = 2.0.4;
				PRODUCT_BUNDLE_IDENTIFIER = com.diegolavalle.WorkingExamples;
				PRODUCT_NAME = "$(inherited)";
				PROVISIONING_PROFILE_SPECIFIER = "";
				SDKROOT = macosx;
				SWIFT_VERSION = 5.0;
			};
			name = Release;
		};
		628D2C1F253A017B007AF75E /* LocalDebug */ = {
			isa = XCBuildConfiguration;
			baseConfigurationReference = 628D2C192539FFC7007AF75E /* LocalDebug.xcconfig */;
			buildSettings = {
				ALWAYS_SEARCH_USER_PATHS = NO;
				CLANG_ANALYZER_NONNULL = YES;
				CLANG_ANALYZER_NUMBER_OBJECT_CONVERSION = YES_AGGRESSIVE;
				CLANG_CXX_LANGUAGE_STANDARD = "gnu++14";
				CLANG_CXX_LIBRARY = "libc++";
				CLANG_ENABLE_MODULES = YES;
				CLANG_ENABLE_OBJC_ARC = YES;
				CLANG_ENABLE_OBJC_WEAK = YES;
				CLANG_WARN_BLOCK_CAPTURE_AUTORELEASING = YES;
				CLANG_WARN_BOOL_CONVERSION = YES;
				CLANG_WARN_COMMA = YES;
				CLANG_WARN_CONSTANT_CONVERSION = YES;
				CLANG_WARN_DEPRECATED_OBJC_IMPLEMENTATIONS = YES;
				CLANG_WARN_DIRECT_OBJC_ISA_USAGE = YES_ERROR;
				CLANG_WARN_DOCUMENTATION_COMMENTS = YES;
				CLANG_WARN_EMPTY_BODY = YES;
				CLANG_WARN_ENUM_CONVERSION = YES;
				CLANG_WARN_INFINITE_RECURSION = YES;
				CLANG_WARN_INT_CONVERSION = YES;
				CLANG_WARN_NON_LITERAL_NULL_CONVERSION = YES;
				CLANG_WARN_OBJC_IMPLICIT_RETAIN_SELF = YES;
				CLANG_WARN_OBJC_LITERAL_CONVERSION = YES;
				CLANG_WARN_OBJC_ROOT_CLASS = YES_ERROR;
				CLANG_WARN_QUOTED_INCLUDE_IN_FRAMEWORK_HEADER = YES;
				CLANG_WARN_RANGE_LOOP_ANALYSIS = YES;
				CLANG_WARN_STRICT_PROTOTYPES = YES;
				CLANG_WARN_SUSPICIOUS_MOVE = YES;
				CLANG_WARN_UNGUARDED_AVAILABILITY = YES_AGGRESSIVE;
				CLANG_WARN_UNREACHABLE_CODE = YES;
				CLANG_WARN__DUPLICATE_METHOD_MATCH = YES;
				COPY_PHASE_STRIP = NO;
				DEBUG_INFORMATION_FORMAT = dwarf;
				ENABLE_STRICT_OBJC_MSGSEND = YES;
				ENABLE_TESTABILITY = YES;
				GCC_C_LANGUAGE_STANDARD = gnu11;
				GCC_DYNAMIC_NO_PIC = NO;
				GCC_NO_COMMON_BLOCKS = YES;
				GCC_OPTIMIZATION_LEVEL = 0;
				GCC_PREPROCESSOR_DEFINITIONS = (
					"DEBUG=1",
					"$(inherited)",
				);
				GCC_WARN_64_TO_32_BIT_CONVERSION = YES;
				GCC_WARN_ABOUT_RETURN_TYPE = YES_ERROR;
				GCC_WARN_UNDECLARED_SELECTOR = YES;
				GCC_WARN_UNINITIALIZED_AUTOS = YES_AGGRESSIVE;
				GCC_WARN_UNUSED_FUNCTION = YES;
				GCC_WARN_UNUSED_VARIABLE = YES;
				IPHONEOS_DEPLOYMENT_TARGET = 14.5;
				MACOSX_DEPLOYMENT_TARGET = 11.3;
				MTL_ENABLE_DEBUG_INFO = INCLUDE_SOURCE;
				MTL_FAST_MATH = YES;
				ONLY_ACTIVE_ARCH = YES;
				SDKROOT = iphoneos;
				SWIFT_ACTIVE_COMPILATION_CONDITIONS = DEBUG;
				SWIFT_OPTIMIZATION_LEVEL = "-Onone";
			};
			name = LocalDebug;
		};
		628D2C20253A017B007AF75E /* LocalDebug */ = {
			isa = XCBuildConfiguration;
			baseConfigurationReference = 628D2C192539FFC7007AF75E /* LocalDebug.xcconfig */;
			buildSettings = {
				ALWAYS_EMBED_SWIFT_STANDARD_LIBRARIES = YES;
				ASSETCATALOG_COMPILER_APPICON_NAME = AppIcon;
				ASSETCATALOG_COMPILER_GLOBAL_ACCENT_COLOR_NAME = AccentColor;
				CODE_SIGN_ENTITLEMENTS = conf/iphone.entitlements;
				CODE_SIGN_IDENTITY = "Apple Development";
				CODE_SIGN_STYLE = Automatic;
				CURRENT_PROJECT_VERSION = 20;
				DEVELOPMENT_ASSET_PATHS = "\"src/iphone/PreviewContent\"";
				DEVELOPMENT_TEAM = 9XW8U7UU4W;
				ENABLE_PREVIEWS = YES;
				INFOPLIST_FILE = "conf/iphone-Info.plist";
				IPHONEOS_DEPLOYMENT_TARGET = 14.5;
				LD_RUNPATH_SEARCH_PATHS = (
					"$(inherited)",
					"@executable_path/Frameworks",
				);
				MARKETING_VERSION = 2.0.4;
				PRODUCT_BUNDLE_IDENTIFIER = com.diegolavalle.WorkingExamples;
				PRODUCT_NAME = "$(inherited)";
				PROVISIONING_PROFILE_SPECIFIER = "";
				SWIFT_VERSION = 5.0;
				TARGETED_DEVICE_FAMILY = "1,2";
			};
			name = LocalDebug;
		};
		628D2C21253A017B007AF75E /* LocalDebug */ = {
			isa = XCBuildConfiguration;
			baseConfigurationReference = 628D2C192539FFC7007AF75E /* LocalDebug.xcconfig */;
			buildSettings = {
				ASSETCATALOG_COMPILER_APPICON_NAME = AppIcon;
				ASSETCATALOG_COMPILER_GLOBAL_ACCENT_COLOR_NAME = AccentColor;
				CODE_SIGN_ENTITLEMENTS = conf/mac.entitlements;
				CODE_SIGN_IDENTITY = "Apple Development";
				CODE_SIGN_STYLE = Automatic;
				COMBINE_HIDPI_IMAGES = YES;
				CURRENT_PROJECT_VERSION = 20;
				DEVELOPMENT_ASSET_PATHS = "\"src/mac/PreviewContent\"";
				DEVELOPMENT_TEAM = 9XW8U7UU4W;
				ENABLE_HARDENED_RUNTIME = YES;
				ENABLE_PREVIEWS = YES;
				INFOPLIST_FILE = "conf/mac-Info.plist";
				LD_RUNPATH_SEARCH_PATHS = (
					"$(inherited)",
					"@executable_path/../Frameworks",
				);
				MACOSX_DEPLOYMENT_TARGET = 11.3;
				MARKETING_VERSION = 2.0.4;
				PRODUCT_BUNDLE_IDENTIFIER = com.diegolavalle.WorkingExamples;
				PRODUCT_NAME = "$(inherited)";
				PROVISIONING_PROFILE_SPECIFIER = "";
				SDKROOT = macosx;
				SWIFT_VERSION = 5.0;
			};
			name = LocalDebug;
		};
		62C9C6AF253DACC100E2AA88 /* Debug */ = {
			isa = XCBuildConfiguration;
			baseConfigurationReference = 628D2C172539FFC7007AF75E /* Debug.xcconfig */;
			buildSettings = {
				ASSETCATALOG_COMPILER_APPICON_NAME = AppIcon;
				ASSETCATALOG_COMPILER_GLOBAL_ACCENT_COLOR_NAME = AccentColor;
				CODE_SIGN_ENTITLEMENTS = conf/workingexampleclip.entitlements;
				CODE_SIGN_IDENTITY = "Apple Development";
				CODE_SIGN_STYLE = Automatic;
				CURRENT_PROJECT_VERSION = 20;
				DEVELOPMENT_ASSET_PATHS = "\"src/workingexampleclip/PreviewContent\"";
				DEVELOPMENT_TEAM = 9XW8U7UU4W;
				ENABLE_PREVIEWS = YES;
				INFOPLIST_FILE = "conf/workingexampleclip-Info.plist";
				IPHONEOS_DEPLOYMENT_TARGET = 14.5;
				LD_RUNPATH_SEARCH_PATHS = (
					"$(inherited)",
					"@executable_path/Frameworks",
				);
				MARKETING_VERSION = 2.0.4;
				PRODUCT_BUNDLE_IDENTIFIER = com.diegolavalle.WorkingExamples.appclip;
				PRODUCT_NAME = "$(TARGET_NAME)";
				PROVISIONING_PROFILE_SPECIFIER = "";
				SWIFT_VERSION = 5.0;
				TARGETED_DEVICE_FAMILY = "1,2";
			};
			name = Debug;
		};
		62C9C6B0253DACC100E2AA88 /* LocalDebug */ = {
			isa = XCBuildConfiguration;
			baseConfigurationReference = 628D2C192539FFC7007AF75E /* LocalDebug.xcconfig */;
			buildSettings = {
				ASSETCATALOG_COMPILER_APPICON_NAME = AppIcon;
				ASSETCATALOG_COMPILER_GLOBAL_ACCENT_COLOR_NAME = AccentColor;
				CODE_SIGN_ENTITLEMENTS = conf/workingexampleclip.entitlements;
				CODE_SIGN_IDENTITY = "Apple Development";
				CODE_SIGN_STYLE = Automatic;
				CURRENT_PROJECT_VERSION = 20;
				DEVELOPMENT_ASSET_PATHS = "\"src/workingexampleclip/PreviewContent\"";
				DEVELOPMENT_TEAM = 9XW8U7UU4W;
				ENABLE_PREVIEWS = YES;
				INFOPLIST_FILE = "conf/workingexampleclip-Info.plist";
				IPHONEOS_DEPLOYMENT_TARGET = 14.5;
				LD_RUNPATH_SEARCH_PATHS = (
					"$(inherited)",
					"@executable_path/Frameworks",
				);
				MARKETING_VERSION = 2.0.4;
				PRODUCT_BUNDLE_IDENTIFIER = com.diegolavalle.WorkingExamples.appclip;
				PRODUCT_NAME = "$(TARGET_NAME)";
				PROVISIONING_PROFILE_SPECIFIER = "";
				SWIFT_VERSION = 5.0;
				TARGETED_DEVICE_FAMILY = "1,2";
			};
			name = LocalDebug;
		};
		62C9C6B1253DACC100E2AA88 /* Release */ = {
			isa = XCBuildConfiguration;
			baseConfigurationReference = 628D2C182539FFC7007AF75E /* Release.xcconfig */;
			buildSettings = {
				ASSETCATALOG_COMPILER_APPICON_NAME = AppIcon;
				ASSETCATALOG_COMPILER_GLOBAL_ACCENT_COLOR_NAME = AccentColor;
				CODE_SIGN_ENTITLEMENTS = conf/workingexampleclip.entitlements;
				CODE_SIGN_IDENTITY = "Apple Development";
				CODE_SIGN_STYLE = Automatic;
				CURRENT_PROJECT_VERSION = 20;
				DEVELOPMENT_ASSET_PATHS = "\"src/workingexampleclip/PreviewContent\"";
				DEVELOPMENT_TEAM = 9XW8U7UU4W;
				ENABLE_PREVIEWS = YES;
				INFOPLIST_FILE = "conf/workingexampleclip-Info.plist";
				IPHONEOS_DEPLOYMENT_TARGET = 14.5;
				LD_RUNPATH_SEARCH_PATHS = (
					"$(inherited)",
					"@executable_path/Frameworks",
				);
				MARKETING_VERSION = 2.0.4;
				PRODUCT_BUNDLE_IDENTIFIER = com.diegolavalle.WorkingExamples.appclip;
				PRODUCT_NAME = "$(TARGET_NAME)";
				PROVISIONING_PROFILE_SPECIFIER = "";
				SWIFT_VERSION = 5.0;
				TARGETED_DEVICE_FAMILY = "1,2";
			};
			name = Release;
		};
/* End XCBuildConfiguration section */

/* Begin XCConfigurationList section */
		622538092539F6FB00EFD988 /* Build configuration list for PBXProject "WorkingExamples" */ = {
			isa = XCConfigurationList;
			buildConfigurations = (
				6225381B2539F6FC00EFD988 /* Debug */,
				628D2C1F253A017B007AF75E /* LocalDebug */,
				6225381C2539F6FC00EFD988 /* Release */,
			);
			defaultConfigurationIsVisible = 0;
			defaultConfigurationName = Release;
		};
		6225381D2539F6FC00EFD988 /* Build configuration list for PBXNativeTarget "iphone" */ = {
			isa = XCConfigurationList;
			buildConfigurations = (
				6225381E2539F6FC00EFD988 /* Debug */,
				628D2C20253A017B007AF75E /* LocalDebug */,
				6225381F2539F6FC00EFD988 /* Release */,
			);
			defaultConfigurationIsVisible = 0;
			defaultConfigurationName = Release;
		};
		62819CBA2540BF0A009AD44D /* Build configuration list for PBXNativeTarget "workingexamplewidget" */ = {
			isa = XCConfigurationList;
			buildConfigurations = (
				62819CB72540BF0A009AD44D /* Debug */,
				62819CB82540BF0A009AD44D /* LocalDebug */,
				62819CB92540BF0A009AD44D /* Release */,
			);
			defaultConfigurationIsVisible = 0;
			defaultConfigurationName = Release;
		};
		628D2C022539FBFE007AF75E /* Build configuration list for PBXNativeTarget "mac" */ = {
			isa = XCConfigurationList;
			buildConfigurations = (
				628D2C032539FBFE007AF75E /* Debug */,
				628D2C21253A017B007AF75E /* LocalDebug */,
				628D2C042539FBFE007AF75E /* Release */,
			);
			defaultConfigurationIsVisible = 0;
			defaultConfigurationName = Release;
		};
		62C9C6B2253DACC100E2AA88 /* Build configuration list for PBXNativeTarget "workingexampleclip" */ = {
			isa = XCConfigurationList;
			buildConfigurations = (
				62C9C6AF253DACC100E2AA88 /* Debug */,
				62C9C6B0253DACC100E2AA88 /* LocalDebug */,
				62C9C6B1253DACC100E2AA88 /* Release */,
			);
			defaultConfigurationIsVisible = 0;
			defaultConfigurationName = Release;
		};
/* End XCConfigurationList section */

/* Begin XCRemoteSwiftPackageReference section */
		629431B6253A095100FA1CFD /* XCRemoteSwiftPackageReference "working-examples" */ = {
			isa = XCRemoteSwiftPackageReference;
			repositoryURL = "https://github.com/swift-you-and-i/working-examples";
			requirement = {
				branch = master;
				kind = branch;
			};
		};
/* End XCRemoteSwiftPackageReference section */

/* Begin XCSwiftPackageProductDependency section */
		629431BC253A096A00FA1CFD /* WorkingExamples */ = {
			isa = XCSwiftPackageProductDependency;
			package = 629431B6253A095100FA1CFD /* XCRemoteSwiftPackageReference "working-examples" */;
			productName = WorkingExamples;
		};
		9D9FD087258951C600142A71 /* WorkingExamples */ = {
			isa = XCSwiftPackageProductDependency;
			package = 629431B6253A095100FA1CFD /* XCRemoteSwiftPackageReference "working-examples" */;
			productName = WorkingExamples;
		};
		9D9FD089258951E600142A71 /* WorkingExamples */ = {
			isa = XCSwiftPackageProductDependency;
			package = 629431B6253A095100FA1CFD /* XCRemoteSwiftPackageReference "working-examples" */;
			productName = WorkingExamples;
		};
/* End XCSwiftPackageProductDependency section */
	};
	rootObject = 622538062539F6FB00EFD988 /* Project object */;
}
