{
  "object": {
    "pins": [
      {
        "package": "WorkingExamples",
        "repositoryURL": "https://github.com/swift-you-and-i/working-examples",
        "state": {
          "branch": "develop",
          "revision": "45ecbacdc88523c97a5ff6ff47f265425cc798ed",
          "version": null
        }
      }
    ]
  },
  "version": 1
}
