{
  "object": {
    "pins": [
      {
        "package": "WorkingExamples",
        "repositoryURL": "https://github.com/swift-you-and-i/working-examples",
        "state": {
          "branch": "master",
          "revision": "14178bc4c72cecbd72ae7865fa7111fc1c7de84f",
          "version": null
        }
      }
    ]
  },
  "version": 1
}
