{
  "object": {
    "pins": [
      {
        "package": "WorkingExamples",
        "repositoryURL": "https://github.com/swift-you-and-i/working-examples",
        "state": {
          "branch": "master",
          "revision": "e756cb2ae77675fefb3ec4e174db74da71dc0a0c",
          "version": null
        }
      }
    ]
  },
  "version": 1
}
