{
  "object": {
    "pins": [
      {
        "package": "WorkingExamples",
        "repositoryURL": "https://github.com/swift-you-and-i/working-examples",
        "state": {
          "branch": null,
          "revision": "ab329c8a34b259ce45e4dfe90c38008c6f422e0c",
          "version": "1.0.3"
        }
      }
    ]
  },
  "version": 1
}
