{
  "object": {
    "pins": [
      {
        "package": "WorkingExamples",
        "repositoryURL": "https://github.com/swift-you-and-i/working-examples",
        "state": {
          "branch": null,
          "revision": "22ef91754e5e941412adad7148e8ee0d9695fe74",
          "version": "1.0.4"
        }
      }
    ]
  },
  "version": 1
}
